// !$*UTF8*$!
{
	archiveVersion = 1;
	classes = {
	};
	objectVersion = 56;
	objects = {

/* Begin PBXBuildFile section */
		529BDA2D2B73090E00E97152 /* RestaurantMenuApp.swift in Sources */ = {isa = PBXBuildFile; fileRef = 529BDA2C2B73090E00E97152 /* RestaurantMenuApp.swift */; };
		529BDA2F2B73090E00E97152 /* ContentView.swift in Sources */ = {isa = PBXBuildFile; fileRef = 529BDA2E2B73090E00E97152 /* ContentView.swift */; };
		529BDA312B73090F00E97152 /* Assets.xcassets in Resources */ = {isa = PBXBuildFile; fileRef = 529BDA302B73090F00E97152 /* Assets.xcassets */; };
		529BDA342B73090F00E97152 /* Preview Assets.xcassets in Resources */ = {isa = PBXBuildFile; fileRef = 529BDA332B73090F00E97152 /* Preview Assets.xcassets */; };
		529BDA3E2B73090F00E97152 /* RestaurantMenuTests.swift in Sources */ = {isa = PBXBuildFile; fileRef = 529BDA3D2B73090F00E97152 /* RestaurantMenuTests.swift */; };
		529BDA482B73090F00E97152 /* RestaurantMenuUITests.swift in Sources */ = {isa = PBXBuildFile; fileRef = 529BDA472B73090F00E97152 /* RestaurantMenuUITests.swift */; };
		529BDA4A2B73090F00E97152 /* RestaurantMenuUITestsLaunchTests.swift in Sources */ = {isa = PBXBuildFile; fileRef = 529BDA492B73090F00E97152 /* RestaurantMenuUITestsLaunchTests.swift */; };
/* End PBXBuildFile section */

/* Begin PBXContainerItemProxy section */
		529BDA3A2B73090F00E97152 /* PBXContainerItemProxy */ = {
			isa = PBXContainerItemProxy;
			containerPortal = 529BDA212B73090E00E97152 /* Project object */;
			proxyType = 1;
			remoteGlobalIDString = 529BDA282B73090E00E97152;
			remoteInfo = RestaurantMenu;
		};
		529BDA442B73090F00E97152 /* PBXContainerItemProxy */ = {
			isa = PBXContainerItemProxy;
			containerPortal = 529BDA212B73090E00E97152 /* Project object */;
			proxyType = 1;
			remoteGlobalIDString = 529BDA282B73090E00E97152;
			remoteInfo = RestaurantMenu;
		};
/* End PBXContainerItemProxy section */

/* Begin PBXFileReference section */
		529BDA292B73090E00E97152 /* RestaurantMenu.app */ = {isa = PBXFileReference; explicitFileType = wrapper.application; includeInIndex = 0; path = RestaurantMenu.app; sourceTree = BUILT_PRODUCTS_DIR; };
		529BDA2C2B73090E00E97152 /* RestaurantMenuApp.swift */ = {isa = PBXFileReference; lastKnownFileType = sourcecode.swift; path = RestaurantMenuApp.swift; sourceTree = "<group>"; };
		529BDA2E2B73090E00E97152 /* ContentView.swift */ = {isa = PBXFileReference; lastKnownFileType = sourcecode.swift; path = ContentView.swift; sourceTree = "<group>"; };
		529BDA302B73090F00E97152 /* Assets.xcassets */ = {isa = PBXFileReference; lastKnownFileType = folder.assetcatalog; path = Assets.xcassets; sourceTree = "<group>"; };
		529BDA332B73090F00E97152 /* Preview Assets.xcassets */ = {isa = PBXFileReference; lastKnownFileType = folder.assetcatalog; path = "Preview Assets.xcassets"; sourceTree = "<group>"; };
		529BDA392B73090F00E97152 /* RestaurantMenuTests.xctest */ = {isa = PBXFileReference; explicitFileType = wrapper.cfbundle; includeInIndex = 0; path = RestaurantMenuTests.xctest; sourceTree = BUILT_PRODUCTS_DIR; };
		529BDA3D2B73090F00E97152 /* RestaurantMenuTests.swift */ = {isa = PBXFileReference; lastKnownFileType = sourcecode.swift; path = RestaurantMenuTests.swift; sourceTree = "<group>"; };
		529BDA432B73090F00E97152 /* RestaurantMenuUITests.xctest */ = {isa = PBXFileReference; explicitFileType = wrapper.cfbundle; includeInIndex = 0; path = RestaurantMenuUITests.xctest; sourceTree = BUILT_PRODUCTS_DIR; };
		529BDA472B73090F00E97152 /* RestaurantMenuUITests.swift */ = {isa = PBXFileReference; lastKnownFileType = sourcecode.swift; path = RestaurantMenuUITests.swift; sourceTree = "<group>"; };
		529BDA492B73090F00E97152 /* RestaurantMenuUITestsLaunchTests.swift */ = {isa = PBXFileReference; lastKnownFileType = sourcecode.swift; path = RestaurantMenuUITestsLaunchTests.swift; sourceTree = "<group>"; };
/* End PBXFileReference section */

/* Begin PBXFrameworksBuildPhase section */
		529BDA262B73090E00E97152 /* Frameworks */ = {
			isa = PBXFrameworksBuildPhase;
			buildActionMask = 2147483647;
			files = (
			);
			runOnlyForDeploymentPostprocessing = 0;
		};
		529BDA362B73090F00E97152 /* Frameworks */ = {
			isa = PBXFrameworksBuildPhase;
			buildActionMask = 2147483647;
			files = (
			);
			runOnlyForDeploymentPostprocessing = 0;
		};
		529BDA402B73090F00E97152 /* Frameworks */ = {
			isa = PBXFrameworksBuildPhase;
			buildActionMask = 2147483647;
			files = (
			);
			runOnlyForDeploymentPostprocessing = 0;
		};
/* End PBXFrameworksBuildPhase section */

/* Begin PBXGroup section */
		529BDA202B73090E00E97152 = {
			isa = PBXGroup;
			children = (
				529BDA2B2B73090E00E97152 /* RestaurantMenu */,
				529BDA3C2B73090F00E97152 /* RestaurantMenuTests */,
				529BDA462B73090F00E97152 /* RestaurantMenuUITests */,
				529BDA2A2B73090E00E97152 /* Products */,
			);
			sourceTree = "<group>";
		};
		529BDA2A2B73090E00E97152 /* Products */ = {
			isa = PBXGroup;
			children = (
				529BDA292B73090E00E97152 /* RestaurantMenu.app */,
				529BDA392B73090F00E97152 /* RestaurantMenuTests.xctest */,
				529BDA432B73090F00E97152 /* RestaurantMenuUITests.xctest */,
			);
			name = Products;
			sourceTree = "<group>";
		};
		529BDA2B2B73090E00E97152 /* RestaurantMenu */ = {
			isa = PBXGroup;
			children = (
				529BDA2C2B73090E00E97152 /* RestaurantMenuApp.swift */,
				529BDA2E2B73090E00E97152 /* ContentView.swift */,
				529BDA302B73090F00E97152 /* Assets.xcassets */,
				529BDA322B73090F00E97152 /* Preview Content */,
			);
			path = RestaurantMenu;
			sourceTree = "<group>";
		};
		529BDA322B73090F00E97152 /* Preview Content */ = {
			isa = PBXGroup;
			children = (
				529BDA332B73090F00E97152 /* Preview Assets.xcassets */,
			);
			path = "Preview Content";
			sourceTree = "<group>";
		};
		529BDA3C2B73090F00E97152 /* RestaurantMenuTests */ = {
			isa = PBXGroup;
			children = (
				529BDA3D2B73090F00E97152 /* RestaurantMenuTests.swift */,
			);
			path = RestaurantMenuTests;
			sourceTree = "<group>";
		};
		529BDA462B73090F00E97152 /* RestaurantMenuUITests */ = {
			isa = PBXGroup;
			children = (
				529BDA472B73090F00E97152 /* RestaurantMenuUITests.swift */,
				529BDA492B73090F00E97152 /* RestaurantMenuUITestsLaunchTests.swift */,
			);
			path = RestaurantMenuUITests;
			sourceTree = "<group>";
		};
/* End PBXGroup section */

/* Begin PBXNativeTarget section */
		529BDA282B73090E00E97152 /* RestaurantMenu */ = {
			isa = PBXNativeTarget;
			buildConfigurationList = 529BDA4D2B73090F00E97152 /* Build configuration list for PBXNativeTarget "RestaurantMenu" */;
			buildPhases = (
				529BDA252B73090E00E97152 /* Sources */,
				529BDA262B73090E00E97152 /* Frameworks */,
				529BDA272B73090E00E97152 /* Resources */,
			);
			buildRules = (
			);
			dependencies = (
			);
			name = RestaurantMenu;
			productName = RestaurantMenu;
			productReference = 529BDA292B73090E00E97152 /* RestaurantMenu.app */;
			productType = "com.apple.product-type.application";
		};
		529BDA382B73090F00E97152 /* RestaurantMenuTests */ = {
			isa = PBXNativeTarget;
			buildConfigurationList = 529BDA502B73090F00E97152 /* Build configuration list for PBXNativeTarget "RestaurantMenuTests" */;
			buildPhases = (
				529BDA352B73090F00E97152 /* Sources */,
				529BDA362B73090F00E97152 /* Frameworks */,
				529BDA372B73090F00E97152 /* Resources */,
			);
			buildRules = (
			);
			dependencies = (
				529BDA3B2B73090F00E97152 /* PBXTargetDependency */,
			);
			name = RestaurantMenuTests;
			productName = RestaurantMenuTests;
			productReference = 529BDA392B73090F00E97152 /* RestaurantMenuTests.xctest */;
			productType = "com.apple.product-type.bundle.unit-test";
		};
		529BDA422B73090F00E97152 /* RestaurantMenuUITests */ = {
			isa = PBXNativeTarget;
			buildConfigurationList = 529BDA532B73090F00E97152 /* Build configuration list for PBXNativeTarget "RestaurantMenuUITests" */;
			buildPhases = (
				529BDA3F2B73090F00E97152 /* Sources */,
				529BDA402B73090F00E97152 /* Frameworks */,
				529BDA412B73090F00E97152 /* Resources */,
			);
			buildRules = (
			);
			dependencies = (
				529BDA452B73090F00E97152 /* PBXTargetDependency */,
			);
			name = RestaurantMenuUITests;
			productName = RestaurantMenuUITests;
			productReference = 529BDA432B73090F00E97152 /* RestaurantMenuUITests.xctest */;
			productType = "com.apple.product-type.bundle.ui-testing";
		};
/* End PBXNativeTarget section */

/* Begin PBXProject section */
		529BDA212B73090E00E97152 /* Project object */ = {
			isa = PBXProject;
			attributes = {
				BuildIndependentTargetsInParallel = 1;
				LastSwiftUpdateCheck = 1500;
				LastUpgradeCheck = 1500;
				TargetAttributes = {
					529BDA282B73090E00E97152 = {
						CreatedOnToolsVersion = 15.0.1;
					};
					529BDA382B73090F00E97152 = {
						CreatedOnToolsVersion = 15.0.1;
						TestTargetID = 529BDA282B73090E00E97152;
					};
					529BDA422B73090F00E97152 = {
						CreatedOnToolsVersion = 15.0.1;
						TestTargetID = 529BDA282B73090E00E97152;
					};
				};
			};
			buildConfigurationList = 529BDA242B73090E00E97152 /* Build configuration list for PBXProject "RestaurantMenu" */;
			compatibilityVersion = "Xcode 14.0";
			developmentRegion = en;
			hasScannedForEncodings = 0;
			knownRegions = (
				en,
				Base,
			);
			mainGroup = 529BDA202B73090E00E97152;
			productRefGroup = 529BDA2A2B73090E00E97152 /* Products */;
			projectDirPath = "";
			projectRoot = "";
			targets = (
				529BDA282B73090E00E97152 /* RestaurantMenu */,
				529BDA382B73090F00E97152 /* RestaurantMenuTests */,
				529BDA422B73090F00E97152 /* RestaurantMenuUITests */,
			);
		};
/* End PBXProject section */

/* Begin PBXResourcesBuildPhase section */
		529BDA272B73090E00E97152 /* Resources */ = {
			isa = PBXResourcesBuildPhase;
			buildActionMask = 2147483647;
			files = (
				529BDA342B73090F00E97152 /* Preview Assets.xcassets in Resources */,
				529BDA312B73090F00E97152 /* Assets.xcassets in Resources */,
			);
			runOnlyForDeploymentPostprocessing = 0;
		};
		529BDA372B73090F00E97152 /* Resources */ = {
			isa = PBXResourcesBuildPhase;
			buildActionMask = 2147483647;
			files = (
			);
			runOnlyForDeploymentPostprocessing = 0;
		};
		529BDA412B73090F00E97152 /* Resources */ = {
			isa = PBXResourcesBuildPhase;
			buildActionMask = 2147483647;
			files = (
			);
			runOnlyForDeploymentPostprocessing = 0;
		};
/* End PBXResourcesBuildPhase section */

/* Begin PBXSourcesBuildPhase section */
		529BDA252B73090E00E97152 /* Sources */ = {
			isa = PBXSourcesBuildPhase;
			buildActionMask = 2147483647;
			files = (
				529BDA2F2B73090E00E97152 /* ContentView.swift in Sources */,
				529BDA2D2B73090E00E97152 /* RestaurantMenuApp.swift in Sources */,
			);
			runOnlyForDeploymentPostprocessing = 0;
		};
		529BDA352B73090F00E97152 /* Sources */ = {
			isa = PBXSourcesBuildPhase;
			buildActionMask = 2147483647;
			files = (
				529BDA3E2B73090F00E97152 /* RestaurantMenuTests.swift in Sources */,
			);
			runOnlyForDeploymentPostprocessing = 0;
		};
		529BDA3F2B73090F00E97152 /* Sources */ = {
			isa = PBXSourcesBuildPhase;
			buildActionMask = 2147483647;
			files = (
				529BDA4A2B73090F00E97152 /* RestaurantMenuUITestsLaunchTests.swift in Sources */,
				529BDA482B73090F00E97152 /* RestaurantMenuUITests.swift in Sources */,
			);
			runOnlyForDeploymentPostprocessing = 0;
		};
/* End PBXSourcesBuildPhase section */

/* Begin PBXTargetDependency section */
		529BDA3B2B73090F00E97152 /* PBXTargetDependency */ = {
			isa = PBXTargetDependency;
			target = 529BDA282B73090E00E97152 /* RestaurantMenu */;
			targetProxy = 529BDA3A2B73090F00E97152 /* PBXContainerItemProxy */;
		};
		529BDA452B73090F00E97152 /* PBXTargetDependency */ = {
			isa = PBXTargetDependency;
			target = 529BDA282B73090E00E97152 /* RestaurantMenu */;
			targetProxy = 529BDA442B73090F00E97152 /* PBXContainerItemProxy */;
		};
/* End PBXTargetDependency section */

/* Begin XCBuildConfiguration section */
		529BDA4B2B73090F00E97152 /* Debug */ = {
			isa = XCBuildConfiguration;
			buildSettings = {
				ALWAYS_SEARCH_USER_PATHS = NO;
				ASSETCATALOG_COMPILER_GENERATE_SWIFT_ASSET_SYMBOL_EXTENSIONS = YES;
				CLANG_ANALYZER_NONNULL = YES;
				CLANG_ANALYZER_NUMBER_OBJECT_CONVERSION = YES_AGGRESSIVE;
				CLANG_CXX_LANGUAGE_STANDARD = "gnu++20";
				CLANG_ENABLE_MODULES = YES;
				CLANG_ENABLE_OBJC_ARC = YES;
				CLANG_ENABLE_OBJC_WEAK = YES;
				CLANG_WARN_BLOCK_CAPTURE_AUTORELEASING = YES;
				CLANG_WARN_BOOL_CONVERSION = YES;
				CLANG_WARN_COMMA = YES;
				CLANG_WARN_CONSTANT_CONVERSION = YES;
				CLANG_WARN_DEPRECATED_OBJC_IMPLEMENTATIONS = YES;
				CLANG_WARN_DIRECT_OBJC_ISA_USAGE = YES_ERROR;
				CLANG_WARN_DOCUMENTATION_COMMENTS = YES;
				CLANG_WARN_EMPTY_BODY = YES;
				CLANG_WARN_ENUM_CONVERSION = YES;
				CLANG_WARN_INFINITE_RECURSION = YES;
				CLANG_WARN_INT_CONVERSION = YES;
				CLANG_WARN_NON_LITERAL_NULL_CONVERSION = YES;
				CLANG_WARN_OBJC_IMPLICIT_RETAIN_SELF = YES;
				CLANG_WARN_OBJC_LITERAL_CONVERSION = YES;
				CLANG_WARN_OBJC_ROOT_CLASS = YES_ERROR;
				CLANG_WARN_QUOTED_INCLUDE_IN_FRAMEWORK_HEADER = YES;
				CLANG_WARN_RANGE_LOOP_ANALYSIS = YES;
				CLANG_WARN_STRICT_PROTOTYPES = YES;
				CLANG_WARN_SUSPICIOUS_MOVE = YES;
				CLANG_WARN_UNGUARDED_AVAILABILITY = YES_AGGRESSIVE;
				CLANG_WARN_UNREACHABLE_CODE = YES;
				CLANG_WARN__DUPLICATE_METHOD_MATCH = YES;
				COPY_PHASE_STRIP = NO;
				DEBUG_INFORMATION_FORMAT = dwarf;
				ENABLE_STRICT_OBJC_MSGSEND = YES;
				ENABLE_TESTABILITY = YES;
				ENABLE_USER_SCRIPT_SANDBOXING = YES;
				GCC_C_LANGUAGE_STANDARD = gnu17;
				GCC_DYNAMIC_NO_PIC = NO;
				GCC_NO_COMMON_BLOCKS = YES;
				GCC_OPTIMIZATION_LEVEL = 0;
				GCC_PREPROCESSOR_DEFINITIONS = (
					"DEBUG=1",
					"$(inherited)",
				);
				GCC_WARN_64_TO_32_BIT_CONVERSION = YES;
				GCC_WARN_ABOUT_RETURN_TYPE = YES_ERROR;
				GCC_WARN_UNDECLARED_SELECTOR = YES;
				GCC_WARN_UNINITIALIZED_AUTOS = YES_AGGRESSIVE;
				GCC_WARN_UNUSED_FUNCTION = YES;
				GCC_WARN_UNUSED_VARIABLE = YES;
				IPHONEOS_DEPLOYMENT_TARGET = 17.0;
				LOCALIZATION_PREFERS_STRING_CATALOGS = YES;
				MTL_ENABLE_DEBUG_INFO = INCLUDE_SOURCE;
				MTL_FAST_MATH = YES;
				ONLY_ACTIVE_ARCH = YES;
				SDKROOT = iphoneos;
				SWIFT_ACTIVE_COMPILATION_CONDITIONS = "DEBUG $(inherited)";
				SWIFT_OPTIMIZATION_LEVEL = "-Onone";
			};
			name = Debug;
		};
		529BDA4C2B73090F00E97152 /* Release */ = {
			isa = XCBuildConfiguration;
			buildSettings = {
				ALWAYS_SEARCH_USER_PATHS = NO;
				ASSETCATALOG_COMPILER_GENERATE_SWIFT_ASSET_SYMBOL_EXTENSIONS = YES;
				CLANG_ANALYZER_NONNULL = YES;
				CLANG_ANALYZER_NUMBER_OBJECT_CONVERSION = YES_AGGRESSIVE;
				CLANG_CXX_LANGUAGE_STANDARD = "gnu++20";
				CLANG_ENABLE_MODULES = YES;
				CLANG_ENABLE_OBJC_ARC = YES;
				CLANG_ENABLE_OBJC_WEAK = YES;
				CLANG_WARN_BLOCK_CAPTURE_AUTORELEASING = YES;
				CLANG_WARN_BOOL_CONVERSION = YES;
				CLANG_WARN_COMMA = YES;
				CLANG_WARN_CONSTANT_CONVERSION = YES;
				CLANG_WARN_DEPRECATED_OBJC_IMPLEMENTATIONS = YES;
				CLANG_WARN_DIRECT_OBJC_ISA_USAGE = YES_ERROR;
				CLANG_WARN_DOCUMENTATION_COMMENTS = YES;
				CLANG_WARN_EMPTY_BODY = YES;
				CLANG_WARN_ENUM_CONVERSION = YES;
				CLANG_WARN_INFINITE_RECURSION = YES;
				CLANG_WARN_INT_CONVERSION = YES;
				CLANG_WARN_NON_LITERAL_NULL_CONVERSION = YES;
				CLANG_WARN_OBJC_IMPLICIT_RETAIN_SELF = YES;
				CLANG_WARN_OBJC_LITERAL_CONVERSION = YES;
				CLANG_WARN_OBJC_ROOT_CLASS = YES_ERROR;
				CLANG_WARN_QUOTED_INCLUDE_IN_FRAMEWORK_HEADER = YES;
				CLANG_WARN_RANGE_LOOP_ANALYSIS = YES;
				CLANG_WARN_STRICT_PROTOTYPES = YES;
				CLANG_WARN_SUSPICIOUS_MOVE = YES;
				CLANG_WARN_UNGUARDED_AVAILABILITY = YES_AGGRESSIVE;
				CLANG_WARN_UNREACHABLE_CODE = YES;
				CLANG_WARN__DUPLICATE_METHOD_MATCH = YES;
				COPY_PHASE_STRIP = NO;
				DEBUG_INFORMATION_FORMAT = "dwarf-with-dsym";
				ENABLE_NS_ASSERTIONS = NO;
				ENABLE_STRICT_OBJC_MSGSEND = YES;
				ENABLE_USER_SCRIPT_SANDBOXING = YES;
				GCC_C_LANGUAGE_STANDARD = gnu17;
				GCC_NO_COMMON_BLOCKS = YES;
				GCC_WARN_64_TO_32_BIT_CONVERSION = YES;
				GCC_WARN_ABOUT_RETURN_TYPE = YES_ERROR;
				GCC_WARN_UNDECLARED_SELECTOR = YES;
				GCC_WARN_UNINITIALIZED_AUTOS = YES_AGGRESSIVE;
				GCC_WARN_UNUSED_FUNCTION = YES;
				GCC_WARN_UNUSED_VARIABLE = YES;
				IPHONEOS_DEPLOYMENT_TARGET = 17.0;
				LOCALIZATION_PREFERS_STRING_CATALOGS = YES;
				MTL_ENABLE_DEBUG_INFO = NO;
				MTL_FAST_MATH = YES;
				SDKROOT = iphoneos;
				SWIFT_COMPILATION_MODE = wholemodule;
				VALIDATE_PRODUCT = YES;
			};
			name = Release;
		};
		529BDA4E2B73090F00E97152 /* Debug */ = {
			isa = XCBuildConfiguration;
			buildSettings = {
				ASSETCATALOG_COMPILER_APPICON_NAME = AppIcon;
				ASSETCATALOG_COMPILER_GLOBAL_ACCENT_COLOR_NAME = AccentColor;
				CODE_SIGN_STYLE = Automatic;
				CURRENT_PROJECT_VERSION = 1;
				DEVELOPMENT_ASSET_PATHS = "\"RestaurantMenu/Preview Content\"";
				DEVELOPMENT_TEAM = G6AYXNNUN2;
				ENABLE_PREVIEWS = YES;
				GENERATE_INFOPLIST_FILE = YES;
				INFOPLIST_KEY_UIApplicationSceneManifest_Generation = YES;
				INFOPLIST_KEY_UIApplicationSupportsIndirectInputEvents = YES;
				INFOPLIST_KEY_UILaunchScreen_Generation = YES;
				INFOPLIST_KEY_UISupportedInterfaceOrientations_iPad = "UIInterfaceOrientationPortrait UIInterfaceOrientationPortraitUpsideDown UIInterfaceOrientationLandscapeLeft UIInterfaceOrientationLandscapeRight";
				INFOPLIST_KEY_UISupportedInterfaceOrientations_iPhone = "UIInterfaceOrientationPortrait UIInterfaceOrientationLandscapeLeft UIInterfaceOrientationLandscapeRight";
				LD_RUNPATH_SEARCH_PATHS = (
					"$(inherited)",
					"@executable_path/Frameworks",
				);
				MARKETING_VERSION = 1.0;
				PRODUCT_BUNDLE_IDENTIFIER = finki.mobileapps.RestaurantMenu;
				PRODUCT_NAME = "$(TARGET_NAME)";
				SWIFT_EMIT_LOC_STRINGS = YES;
				SWIFT_VERSION = 5.0;
				TARGETED_DEVICE_FAMILY = "1,2";
			};
			name = Debug;
		};
		529BDA4F2B73090F00E97152 /* Release */ = {
			isa = XCBuildConfiguration;
			buildSettings = {
				ASSETCATALOG_COMPILER_APPICON_NAME = AppIcon;
				ASSETCATALOG_COMPILER_GLOBAL_ACCENT_COLOR_NAME = AccentColor;
				CODE_SIGN_STYLE = Automatic;
				CURRENT_PROJECT_VERSION = 1;
				DEVELOPMENT_ASSET_PATHS = "\"RestaurantMenu/Preview Content\"";
				DEVELOPMENT_TEAM = G6AYXNNUN2;
				ENABLE_PREVIEWS = YES;
				GENERATE_INFOPLIST_FILE = YES;
				INFOPLIST_KEY_UIApplicationSceneManifest_Generation = YES;
				INFOPLIST_KEY_UIApplicationSupportsIndirectInputEvents = YES;
				INFOPLIST_KEY_UILaunchScreen_Generation = YES;
				INFOPLIST_KEY_UISupportedInterfaceOrientations_iPad = "UIInterfaceOrientationPortrait UIInterfaceOrientationPortraitUpsideDown UIInterfaceOrientationLandscapeLeft UIInterfaceOrientationLandscapeRight";
				INFOPLIST_KEY_UISupportedInterfaceOrientations_iPhone = "UIInterfaceOrientationPortrait UIInterfaceOrientationLandscapeLeft UIInterfaceOrientationLandscapeRight";
				LD_RUNPATH_SEARCH_PATHS = (
					"$(inherited)",
					"@executable_path/Frameworks",
				);
				MARKETING_VERSION = 1.0;
				PRODUCT_BUNDLE_IDENTIFIER = finki.mobileapps.RestaurantMenu;
				PRODUCT_NAME = "$(TARGET_NAME)";
				SWIFT_EMIT_LOC_STRINGS = YES;
				SWIFT_VERSION = 5.0;
				TARGETED_DEVICE_FAMILY = "1,2";
			};
			name = Release;
		};
		529BDA512B73090F00E97152 /* Debug */ = {
			isa = XCBuildConfiguration;
			buildSettings = {
				ALWAYS_EMBED_SWIFT_STANDARD_LIBRARIES = YES;
				BUNDLE_LOADER = "$(TEST_HOST)";
				CODE_SIGN_STYLE = Automatic;
				CURRENT_PROJECT_VERSION = 1;
				DEVELOPMENT_TEAM = G6AYXNNUN2;
				GENERATE_INFOPLIST_FILE = YES;
				IPHONEOS_DEPLOYMENT_TARGET = 17.0;
				MARKETING_VERSION = 1.0;
				PRODUCT_BUNDLE_IDENTIFIER = finki.mobileapps.RestaurantMenuTests;
				PRODUCT_NAME = "$(TARGET_NAME)";
				SWIFT_EMIT_LOC_STRINGS = NO;
				SWIFT_VERSION = 5.0;
				TARGETED_DEVICE_FAMILY = "1,2";
				TEST_HOST = "$(BUILT_PRODUCTS_DIR)/RestaurantMenu.app/$(BUNDLE_EXECUTABLE_FOLDER_PATH)/RestaurantMenu";
			};
			name = Debug;
		};
		529BDA522B73090F00E97152 /* Release */ = {
			isa = XCBuildConfiguration;
			buildSettings = {
				ALWAYS_EMBED_SWIFT_STANDARD_LIBRARIES = YES;
				BUNDLE_LOADER = "$(TEST_HOST)";
				CODE_SIGN_STYLE = Automatic;
				CURRENT_PROJECT_VERSION = 1;
				DEVELOPMENT_TEAM = G6AYXNNUN2;
				GENERATE_INFOPLIST_FILE = YES;
				IPHONEOS_DEPLOYMENT_TARGET = 17.0;
				MARKETING_VERSION = 1.0;
				PRODUCT_BUNDLE_IDENTIFIER = finki.mobileapps.RestaurantMenuTests;
				PRODUCT_NAME = "$(TARGET_NAME)";
				SWIFT_EMIT_LOC_STRINGS = NO;
				SWIFT_VERSION = 5.0;
				TARGETED_DEVICE_FAMILY = "1,2";
				TEST_HOST = "$(BUILT_PRODUCTS_DIR)/RestaurantMenu.app/$(BUNDLE_EXECUTABLE_FOLDER_PATH)/RestaurantMenu";
			};
			name = Release;
		};
		529BDA542B73090F00E97152 /* Debug */ = {
			isa = XCBuildConfiguration;
			buildSettings = {
				ALWAYS_EMBED_SWIFT_STANDARD_LIBRARIES = YES;
				CODE_SIGN_STYLE = Automatic;
				CURRENT_PROJECT_VERSION = 1;
				DEVELOPMENT_TEAM = G6AYXNNUN2;
				GENERATE_INFOPLIST_FILE = YES;
				MARKETING_VERSION = 1.0;
				PRODUCT_BUNDLE_IDENTIFIER = finki.mobileapps.RestaurantMenuUITests;
				PRODUCT_NAME = "$(TARGET_NAME)";
				SWIFT_EMIT_LOC_STRINGS = NO;
				SWIFT_VERSION = 5.0;
				TARGETED_DEVICE_FAMILY = "1,2";
				TEST_TARGET_NAME = RestaurantMenu;
			};
			name = Debug;
		};
		529BDA552B73090F00E97152 /* Release */ = {
			isa = XCBuildConfiguration;
			buildSettings = {
				ALWAYS_EMBED_SWIFT_STANDARD_LIBRARIES = YES;
				CODE_SIGN_STYLE = Automatic;
				CURRENT_PROJECT_VERSION = 1;
				DEVELOPMENT_TEAM = G6AYXNNUN2;
				GENERATE_INFOPLIST_FILE = YES;
				MARKETING_VERSION = 1.0;
				PRODUCT_BUNDLE_IDENTIFIER = finki.mobileapps.RestaurantMenuUITests;
				PRODUCT_NAME = "$(TARGET_NAME)";
				SWIFT_EMIT_LOC_STRINGS = NO;
				SWIFT_VERSION = 5.0;
				TARGETED_DEVICE_FAMILY = "1,2";
				TEST_TARGET_NAME = RestaurantMenu;
			};
			name = Release;
		};
/* End XCBuildConfiguration section */

/* Begin XCConfigurationList section */
		529BDA242B73090E00E97152 /* Build configuration list for PBXProject "RestaurantMenu" */ = {
			isa = XCConfigurationList;
			buildConfigurations = (
				529BDA4B2B73090F00E97152 /* Debug */,
				529BDA4C2B73090F00E97152 /* Release */,
			);
			defaultConfigurationIsVisible = 0;
			defaultConfigurationName = Release;
		};
		529BDA4D2B73090F00E97152 /* Build configuration list for PBXNativeTarget "RestaurantMenu" */ = {
			isa = XCConfigurationList;
			buildConfigurations = (
				529BDA4E2B73090F00E97152 /* Debug */,
				529BDA4F2B73090F00E97152 /* Release */,
			);
			defaultConfigurationIsVisible = 0;
			defaultConfigurationName = Release;
		};
		529BDA502B73090F00E97152 /* Build configuration list for PBXNativeTarget "RestaurantMenuTests" */ = {
			isa = XCConfigurationList;
			buildConfigurations = (
				529BDA512B73090F00E97152 /* Debug */,
				529BDA522B73090F00E97152 /* Release */,
			);
			defaultConfigurationIsVisible = 0;
			defaultConfigurationName = Release;
		};
		529BDA532B73090F00E97152 /* Build configuration list for PBXNativeTarget "RestaurantMenuUITests" */ = {
			isa = XCConfigurationList;
			buildConfigurations = (
				529BDA542B73090F00E97152 /* Debug */,
				529BDA552B73090F00E97152 /* Release */,
			);
			defaultConfigurationIsVisible = 0;
			defaultConfigurationName = Release;
		};
/* End XCConfigurationList section */
	};
	rootObject = 529BDA212B73090E00E97152 /* Project object */;
}
